// !$*UTF8*$!
{
	archiveVersion = 1;
	classes = {
	};
	objectVersion = 50;
	objects = {

/* Begin PBXBuildFile section */
		2486622324ED6FA8001F2EDD /* AppDelegate.swift in Sources */ = {isa = PBXBuildFile; fileRef = 2486622224ED6FA8001F2EDD /* AppDelegate.swift */; };
		2486622524ED6FA8001F2EDD /* SceneDelegate.swift in Sources */ = {isa = PBXBuildFile; fileRef = 2486622424ED6FA8001F2EDD /* SceneDelegate.swift */; };
		2486622724ED6FA8001F2EDD /* PopularMoviesTableViewController.swift in Sources */ = {isa = PBXBuildFile; fileRef = 2486622624ED6FA8001F2EDD /* PopularMoviesTableViewController.swift */; };
		2486622A24ED6FA8001F2EDD /* Main.storyboard in Resources */ = {isa = PBXBuildFile; fileRef = 2486622824ED6FA8001F2EDD /* Main.storyboard */; };
		2486622D24ED6FA8001F2EDD /* TheMovies.xcdatamodeld in Sources */ = {isa = PBXBuildFile; fileRef = 2486622B24ED6FA8001F2EDD /* TheMovies.xcdatamodeld */; };
		2486622F24ED6FB0001F2EDD /* Assets.xcassets in Resources */ = {isa = PBXBuildFile; fileRef = 2486622E24ED6FB0001F2EDD /* Assets.xcassets */; };
		2486623224ED6FB0001F2EDD /* LaunchScreen.storyboard in Resources */ = {isa = PBXBuildFile; fileRef = 2486623024ED6FB0001F2EDD /* LaunchScreen.storyboard */; };
		2486623A24ED7153001F2EDD /* Readme.md in Resources */ = {isa = PBXBuildFile; fileRef = 2486623924ED7153001F2EDD /* Readme.md */; };
		2486623D24ED7827001F2EDD /* ServerManager.swift in Sources */ = {isa = PBXBuildFile; fileRef = 2486623C24ED7827001F2EDD /* ServerManager.swift */; };
		91F7546C3AFA9707433ECF9C /* Pods_TheMovies.framework in Frameworks */ = {isa = PBXBuildFile; fileRef = D0D0C826252E2181E8C06C0A /* Pods_TheMovies.framework */; };
/* End PBXBuildFile section */

/* Begin PBXFileReference section */
		0C28981DFE681D41A8EB95DD /* Pods-TheMovies.release.xcconfig */ = {isa = PBXFileReference; includeInIndex = 1; lastKnownFileType = text.xcconfig; name = "Pods-TheMovies.release.xcconfig"; path = "Target Support Files/Pods-TheMovies/Pods-TheMovies.release.xcconfig"; sourceTree = "<group>"; };
		2486621F24ED6FA8001F2EDD /* TheMovies.app */ = {isa = PBXFileReference; explicitFileType = wrapper.application; includeInIndex = 0; path = TheMovies.app; sourceTree = BUILT_PRODUCTS_DIR; };
		2486622224ED6FA8001F2EDD /* AppDelegate.swift */ = {isa = PBXFileReference; lastKnownFileType = sourcecode.swift; path = AppDelegate.swift; sourceTree = "<group>"; };
		2486622424ED6FA8001F2EDD /* SceneDelegate.swift */ = {isa = PBXFileReference; lastKnownFileType = sourcecode.swift; path = SceneDelegate.swift; sourceTree = "<group>"; };
		2486622624ED6FA8001F2EDD /* PopularMoviesTableViewController.swift */ = {isa = PBXFileReference; lastKnownFileType = sourcecode.swift; path = PopularMoviesTableViewController.swift; sourceTree = "<group>"; };
		2486622924ED6FA8001F2EDD /* Base */ = {isa = PBXFileReference; lastKnownFileType = file.storyboard; name = Base; path = Base.lproj/Main.storyboard; sourceTree = "<group>"; };
		2486622C24ED6FA8001F2EDD /* TheMovies.xcdatamodel */ = {isa = PBXFileReference; lastKnownFileType = wrapper.xcdatamodel; path = TheMovies.xcdatamodel; sourceTree = "<group>"; };
		2486622E24ED6FB0001F2EDD /* Assets.xcassets */ = {isa = PBXFileReference; lastKnownFileType = folder.assetcatalog; path = Assets.xcassets; sourceTree = "<group>"; };
		2486623124ED6FB0001F2EDD /* Base */ = {isa = PBXFileReference; lastKnownFileType = file.storyboard; name = Base; path = Base.lproj/LaunchScreen.storyboard; sourceTree = "<group>"; };
		2486623324ED6FB0001F2EDD /* Info.plist */ = {isa = PBXFileReference; lastKnownFileType = text.plist.xml; path = Info.plist; sourceTree = "<group>"; };
		2486623924ED7153001F2EDD /* Readme.md */ = {isa = PBXFileReference; fileEncoding = 4; lastKnownFileType = net.daringfireball.markdown; path = Readme.md; sourceTree = "<group>"; };
		2486623C24ED7827001F2EDD /* ServerManager.swift */ = {isa = PBXFileReference; lastKnownFileType = sourcecode.swift; path = ServerManager.swift; sourceTree = "<group>"; };
		C510B7E6932A7BF661B62441 /* Pods-TheMovies.debug.xcconfig */ = {isa = PBXFileReference; includeInIndex = 1; lastKnownFileType = text.xcconfig; name = "Pods-TheMovies.debug.xcconfig"; path = "Target Support Files/Pods-TheMovies/Pods-TheMovies.debug.xcconfig"; sourceTree = "<group>"; };
		D0D0C826252E2181E8C06C0A /* Pods_TheMovies.framework */ = {isa = PBXFileReference; explicitFileType = wrapper.framework; includeInIndex = 0; path = Pods_TheMovies.framework; sourceTree = BUILT_PRODUCTS_DIR; };
/* End PBXFileReference section */

/* Begin PBXFrameworksBuildPhase section */
		2486621C24ED6FA8001F2EDD /* Frameworks */ = {
			isa = PBXFrameworksBuildPhase;
			buildActionMask = 2147483647;
			files = (
				91F7546C3AFA9707433ECF9C /* Pods_TheMovies.framework in Frameworks */,
			);
			runOnlyForDeploymentPostprocessing = 0;
		};
/* End PBXFrameworksBuildPhase section */

/* Begin PBXGroup section */
		2486621624ED6FA8001F2EDD = {
			isa = PBXGroup;
			children = (
				2486623924ED7153001F2EDD /* Readme.md */,
				2486622124ED6FA8001F2EDD /* TheMovies */,
				2486622024ED6FA8001F2EDD /* Products */,
				4A9573F5AE043682851CBA23 /* Pods */,
				35485349AAFE9007F25FC338 /* Frameworks */,
			);
			sourceTree = "<group>";
		};
		2486622024ED6FA8001F2EDD /* Products */ = {
			isa = PBXGroup;
			children = (
				2486621F24ED6FA8001F2EDD /* TheMovies.app */,
			);
			name = Products;
			sourceTree = "<group>";
		};
		2486622124ED6FA8001F2EDD /* TheMovies */ = {
			isa = PBXGroup;
			children = (
				2486622224ED6FA8001F2EDD /* AppDelegate.swift */,
				2486622424ED6FA8001F2EDD /* SceneDelegate.swift */,
				2486623E24ED782E001F2EDD /* Managers */,
				2486623B24ED77C2001F2EDD /* Controllers */,
				2486622824ED6FA8001F2EDD /* Main.storyboard */,
				2486622E24ED6FB0001F2EDD /* Assets.xcassets */,
				2486623024ED6FB0001F2EDD /* LaunchScreen.storyboard */,
				2486623324ED6FB0001F2EDD /* Info.plist */,
				2486622B24ED6FA8001F2EDD /* TheMovies.xcdatamodeld */,
			);
			path = TheMovies;
			sourceTree = "<group>";
		};
		2486623B24ED77C2001F2EDD /* Controllers */ = {
			isa = PBXGroup;
			children = (
				2486622624ED6FA8001F2EDD /* PopularMoviesTableViewController.swift */,
			);
			path = Controllers;
			sourceTree = "<group>";
		};
		2486623E24ED782E001F2EDD /* Managers */ = {
			isa = PBXGroup;
			children = (
				2486623C24ED7827001F2EDD /* ServerManager.swift */,
			);
			path = Managers;
			sourceTree = "<group>";
		};
		35485349AAFE9007F25FC338 /* Frameworks */ = {
			isa = PBXGroup;
			children = (
				D0D0C826252E2181E8C06C0A /* Pods_TheMovies.framework */,
			);
			name = Frameworks;
			sourceTree = "<group>";
		};
		4A9573F5AE043682851CBA23 /* Pods */ = {
			isa = PBXGroup;
			children = (
				C510B7E6932A7BF661B62441 /* Pods-TheMovies.debug.xcconfig */,
				0C28981DFE681D41A8EB95DD /* Pods-TheMovies.release.xcconfig */,
			);
			name = Pods;
			path = Pods;
			sourceTree = "<group>";
		};
/* End PBXGroup section */

/* Begin PBXNativeTarget section */
		2486621E24ED6FA8001F2EDD /* TheMovies */ = {
			isa = PBXNativeTarget;
			buildConfigurationList = 2486623624ED6FB0001F2EDD /* Build configuration list for PBXNativeTarget "TheMovies" */;
			buildPhases = (
				3F9CAF3A0567E123C0C82BED /* [CP] Check Pods Manifest.lock */,
				2486621B24ED6FA8001F2EDD /* Sources */,
				2486621C24ED6FA8001F2EDD /* Frameworks */,
				2486621D24ED6FA8001F2EDD /* Resources */,
				2A24F2E1F522DFE40B7542D3 /* [CP] Embed Pods Frameworks */,
			);
			buildRules = (
			);
			dependencies = (
			);
			name = TheMovies;
			productName = TheMovies;
			productReference = 2486621F24ED6FA8001F2EDD /* TheMovies.app */;
			productType = "com.apple.product-type.application";
		};
/* End PBXNativeTarget section */

/* Begin PBXProject section */
		2486621724ED6FA8001F2EDD /* Project object */ = {
			isa = PBXProject;
			attributes = {
				LastSwiftUpdateCheck = 1160;
				LastUpgradeCheck = 1160;
				ORGANIZATIONNAME = MG;
				TargetAttributes = {
					2486621E24ED6FA8001F2EDD = {
						CreatedOnToolsVersion = 11.6;
					};
				};
			};
			buildConfigurationList = 2486621A24ED6FA8001F2EDD /* Build configuration list for PBXProject "TheMovies" */;
			compatibilityVersion = "Xcode 9.3";
			developmentRegion = en;
			hasScannedForEncodings = 0;
			knownRegions = (
				en,
				Base,
			);
			mainGroup = 2486621624ED6FA8001F2EDD;
			productRefGroup = 2486622024ED6FA8001F2EDD /* Products */;
			projectDirPath = "";
			projectRoot = "";
			targets = (
				2486621E24ED6FA8001F2EDD /* TheMovies */,
			);
		};
/* End PBXProject section */

/* Begin PBXResourcesBuildPhase section */
		2486621D24ED6FA8001F2EDD /* Resources */ = {
			isa = PBXResourcesBuildPhase;
			buildActionMask = 2147483647;
			files = (
				2486623224ED6FB0001F2EDD /* LaunchScreen.storyboard in Resources */,
				2486622F24ED6FB0001F2EDD /* Assets.xcassets in Resources */,
				2486623A24ED7153001F2EDD /* Readme.md in Resources */,
				2486622A24ED6FA8001F2EDD /* Main.storyboard in Resources */,
			);
			runOnlyForDeploymentPostprocessing = 0;
		};
/* End PBXResourcesBuildPhase section */

/* Begin PBXShellScriptBuildPhase section */
		2A24F2E1F522DFE40B7542D3 /* [CP] Embed Pods Frameworks */ = {
			isa = PBXShellScriptBuildPhase;
			buildActionMask = 2147483647;
			files = (
			);
			inputFileListPaths = (
				"${PODS_ROOT}/Target Support Files/Pods-TheMovies/Pods-TheMovies-frameworks-${CONFIGURATION}-input-files.xcfilelist",
			);
			name = "[CP] Embed Pods Frameworks";
			outputFileListPaths = (
				"${PODS_ROOT}/Target Support Files/Pods-TheMovies/Pods-TheMovies-frameworks-${CONFIGURATION}-output-files.xcfilelist",
			);
			runOnlyForDeploymentPostprocessing = 0;
			shellPath = /bin/sh;
			shellScript = "\"${PODS_ROOT}/Target Support Files/Pods-TheMovies/Pods-TheMovies-frameworks.sh\"\n";
			showEnvVarsInLog = 0;
		};
		3F9CAF3A0567E123C0C82BED /* [CP] Check Pods Manifest.lock */ = {
			isa = PBXShellScriptBuildPhase;
			buildActionMask = 2147483647;
			files = (
			);
			inputFileListPaths = (
			);
			inputPaths = (
				"${PODS_PODFILE_DIR_PATH}/Podfile.lock",
				"${PODS_ROOT}/Manifest.lock",
			);
			name = "[CP] Check Pods Manifest.lock";
			outputFileListPaths = (
			);
			outputPaths = (
				"$(DERIVED_FILE_DIR)/Pods-TheMovies-checkManifestLockResult.txt",
			);
			runOnlyForDeploymentPostprocessing = 0;
			shellPath = /bin/sh;
			shellScript = "diff \"${PODS_PODFILE_DIR_PATH}/Podfile.lock\" \"${PODS_ROOT}/Manifest.lock\" > /dev/null\nif [ $? != 0 ] ; then\n    # print error to STDERR\n    echo \"error: The sandbox is not in sync with the Podfile.lock. Run 'pod install' or update your CocoaPods installation.\" >&2\n    exit 1\nfi\n# This output is used by Xcode 'outputs' to avoid re-running this script phase.\necho \"SUCCESS\" > \"${SCRIPT_OUTPUT_FILE_0}\"\n";
			showEnvVarsInLog = 0;
		};
/* End PBXShellScriptBuildPhase section */

/* Begin PBXSourcesBuildPhase section */
		2486621B24ED6FA8001F2EDD /* Sources */ = {
			isa = PBXSourcesBuildPhase;
			buildActionMask = 2147483647;
			files = (
				2486623D24ED7827001F2EDD /* ServerManager.swift in Sources */,
				2486622724ED6FA8001F2EDD /* PopularMoviesTableViewController.swift in Sources */,
				2486622324ED6FA8001F2EDD /* AppDelegate.swift in Sources */,
				2486622D24ED6FA8001F2EDD /* TheMovies.xcdatamodeld in Sources */,
				2486622524ED6FA8001F2EDD /* SceneDelegate.swift in Sources */,
			);
			runOnlyForDeploymentPostprocessing = 0;
		};
/* End PBXSourcesBuildPhase section */

/* Begin PBXVariantGroup section */
		2486622824ED6FA8001F2EDD /* Main.storyboard */ = {
			isa = PBXVariantGroup;
			children = (
				2486622924ED6FA8001F2EDD /* Base */,
			);
			name = Main.storyboard;
			sourceTree = "<group>";
		};
		2486623024ED6FB0001F2EDD /* LaunchScreen.storyboard */ = {
			isa = PBXVariantGroup;
			children = (
				2486623124ED6FB0001F2EDD /* Base */,
			);
			name = LaunchScreen.storyboard;
			sourceTree = "<group>";
		};
/* End PBXVariantGroup section */

/* Begin XCBuildConfiguration section */
		2486623424ED6FB0001F2EDD /* Debug */ = {
			isa = XCBuildConfiguration;
			buildSettings = {
				ALWAYS_SEARCH_USER_PATHS = NO;
				CLANG_ANALYZER_NONNULL = YES;
				CLANG_ANALYZER_NUMBER_OBJECT_CONVERSION = YES_AGGRESSIVE;
				CLANG_CXX_LANGUAGE_STANDARD = "gnu++14";
				CLANG_CXX_LIBRARY = "libc++";
				CLANG_ENABLE_MODULES = YES;
				CLANG_ENABLE_OBJC_ARC = YES;
				CLANG_ENABLE_OBJC_WEAK = YES;
				CLANG_WARN_BLOCK_CAPTURE_AUTORELEASING = YES;
				CLANG_WARN_BOOL_CONVERSION = YES;
				CLANG_WARN_COMMA = YES;
				CLANG_WARN_CONSTANT_CONVERSION = YES;
				CLANG_WARN_DEPRECATED_OBJC_IMPLEMENTATIONS = YES;
				CLANG_WARN_DIRECT_OBJC_ISA_USAGE = YES_ERROR;
				CLANG_WARN_DOCUMENTATION_COMMENTS = YES;
				CLANG_WARN_EMPTY_BODY = YES;
				CLANG_WARN_ENUM_CONVERSION = YES;
				CLANG_WARN_INFINITE_RECURSION = YES;
				CLANG_WARN_INT_CONVERSION = YES;
				CLANG_WARN_NON_LITERAL_NULL_CONVERSION = YES;
				CLANG_WARN_OBJC_IMPLICIT_RETAIN_SELF = YES;
				CLANG_WARN_OBJC_LITERAL_CONVERSION = YES;
				CLANG_WARN_OBJC_ROOT_CLASS = YES_ERROR;
				CLANG_WARN_RANGE_LOOP_ANALYSIS = YES;
				CLANG_WARN_STRICT_PROTOTYPES = YES;
				CLANG_WARN_SUSPICIOUS_MOVE = YES;
				CLANG_WARN_UNGUARDED_AVAILABILITY = YES_AGGRESSIVE;
				CLANG_WARN_UNREACHABLE_CODE = YES;
				CLANG_WARN__DUPLICATE_METHOD_MATCH = YES;
				COPY_PHASE_STRIP = NO;
				DEBUG_INFORMATION_FORMAT = dwarf;
				ENABLE_STRICT_OBJC_MSGSEND = YES;
				ENABLE_TESTABILITY = YES;
				GCC_C_LANGUAGE_STANDARD = gnu11;
				GCC_DYNAMIC_NO_PIC = NO;
				GCC_NO_COMMON_BLOCKS = YES;
				GCC_OPTIMIZATION_LEVEL = 0;
				GCC_PREPROCESSOR_DEFINITIONS = (
					"DEBUG=1",
					"$(inherited)",
				);
				GCC_WARN_64_TO_32_BIT_CONVERSION = YES;
				GCC_WARN_ABOUT_RETURN_TYPE = YES_ERROR;
				GCC_WARN_UNDECLARED_SELECTOR = YES;
				GCC_WARN_UNINITIALIZED_AUTOS = YES_AGGRESSIVE;
				GCC_WARN_UNUSED_FUNCTION = YES;
				GCC_WARN_UNUSED_VARIABLE = YES;
				IPHONEOS_DEPLOYMENT_TARGET = 13.6;
				MTL_ENABLE_DEBUG_INFO = INCLUDE_SOURCE;
				MTL_FAST_MATH = YES;
				ONLY_ACTIVE_ARCH = YES;
				SDKROOT = iphoneos;
				SWIFT_ACTIVE_COMPILATION_CONDITIONS = DEBUG;
				SWIFT_OPTIMIZATION_LEVEL = "-Onone";
			};
			name = Debug;
		};
		2486623524ED6FB0001F2EDD /* Release */ = {
			isa = XCBuildConfiguration;
			buildSettings = {
				ALWAYS_SEARCH_USER_PATHS = NO;
				CLANG_ANALYZER_NONNULL = YES;
				CLANG_ANALYZER_NUMBER_OBJECT_CONVERSION = YES_AGGRESSIVE;
				CLANG_CXX_LANGUAGE_STANDARD = "gnu++14";
				CLANG_CXX_LIBRARY = "libc++";
				CLANG_ENABLE_MODULES = YES;
				CLANG_ENABLE_OBJC_ARC = YES;
				CLANG_ENABLE_OBJC_WEAK = YES;
				CLANG_WARN_BLOCK_CAPTURE_AUTORELEASING = YES;
				CLANG_WARN_BOOL_CONVERSION = YES;
				CLANG_WARN_COMMA = YES;
				CLANG_WARN_CONSTANT_CONVERSION = YES;
				CLANG_WARN_DEPRECATED_OBJC_IMPLEMENTATIONS = YES;
				CLANG_WARN_DIRECT_OBJC_ISA_USAGE = YES_ERROR;
				CLANG_WARN_DOCUMENTATION_COMMENTS = YES;
				CLANG_WARN_EMPTY_BODY = YES;
				CLANG_WARN_ENUM_CONVERSION = YES;
				CLANG_WARN_INFINITE_RECURSION = YES;
				CLANG_WARN_INT_CONVERSION = YES;
				CLANG_WARN_NON_LITERAL_NULL_CONVERSION = YES;
				CLANG_WARN_OBJC_IMPLICIT_RETAIN_SELF = YES;
				CLANG_WARN_OBJC_LITERAL_CONVERSION = YES;
				CLANG_WARN_OBJC_ROOT_CLASS = YES_ERROR;
				CLANG_WARN_RANGE_LOOP_ANALYSIS = YES;
				CLANG_WARN_STRICT_PROTOTYPES = YES;
				CLANG_WARN_SUSPICIOUS_MOVE = YES;
				CLANG_WARN_UNGUARDED_AVAILABILITY = YES_AGGRESSIVE;
				CLANG_WARN_UNREACHABLE_CODE = YES;
				CLANG_WARN__DUPLICATE_METHOD_MATCH = YES;
				COPY_PHASE_STRIP = NO;
				DEBUG_INFORMATION_FORMAT = "dwarf-with-dsym";
				ENABLE_NS_ASSERTIONS = NO;
				ENABLE_STRICT_OBJC_MSGSEND = YES;
				GCC_C_LANGUAGE_STANDARD = gnu11;
				GCC_NO_COMMON_BLOCKS = YES;
				GCC_WARN_64_TO_32_BIT_CONVERSION = YES;
				GCC_WARN_ABOUT_RETURN_TYPE = YES_ERROR;
				GCC_WARN_UNDECLARED_SELECTOR = YES;
				GCC_WARN_UNINITIALIZED_AUTOS = YES_AGGRESSIVE;
				GCC_WARN_UNUSED_FUNCTION = YES;
				GCC_WARN_UNUSED_VARIABLE = YES;
				IPHONEOS_DEPLOYMENT_TARGET = 13.6;
				MTL_ENABLE_DEBUG_INFO = NO;
				MTL_FAST_MATH = YES;
				SDKROOT = iphoneos;
				SWIFT_COMPILATION_MODE = wholemodule;
				SWIFT_OPTIMIZATION_LEVEL = "-O";
				VALIDATE_PRODUCT = YES;
			};
			name = Release;
		};
		2486623724ED6FB0001F2EDD /* Debug */ = {
			isa = XCBuildConfiguration;
			baseConfigurationReference = C510B7E6932A7BF661B62441 /* Pods-TheMovies.debug.xcconfig */;
			buildSettings = {
				ASSETCATALOG_COMPILER_APPICON_NAME = AppIcon;
				CODE_SIGN_STYLE = Automatic;
				INFOPLIST_FILE = TheMovies/Info.plist;
				LD_RUNPATH_SEARCH_PATHS = (
					"$(inherited)",
					"@executable_path/Frameworks",
				);
				PRODUCT_BUNDLE_IDENTIFIER = MG.TheMovies;
				PRODUCT_NAME = "$(TARGET_NAME)";
				SWIFT_VERSION = 5.0;
				TARGETED_DEVICE_FAMILY = "1,2";
			};
			name = Debug;
		};
		2486623824ED6FB0001F2EDD /* Release */ = {
			isa = XCBuildConfiguration;
			baseConfigurationReference = 0C28981DFE681D41A8EB95DD /* Pods-TheMovies.release.xcconfig */;
			buildSettings = {
				ASSETCATALOG_COMPILER_APPICON_NAME = AppIcon;
				CODE_SIGN_STYLE = Automatic;
				INFOPLIST_FILE = TheMovies/Info.plist;
				LD_RUNPATH_SEARCH_PATHS = (
					"$(inherited)",
					"@executable_path/Frameworks",
				);
				PRODUCT_BUNDLE_IDENTIFIER = MG.TheMovies;
				PRODUCT_NAME = "$(TARGET_NAME)";
				SWIFT_VERSION = 5.0;
				TARGETED_DEVICE_FAMILY = "1,2";
			};
			name = Release;
		};
/* End XCBuildConfiguration section */

/* Begin XCConfigurationList section */
		2486621A24ED6FA8001F2EDD /* Build configuration list for PBXProject "TheMovies" */ = {
			isa = XCConfigurationList;
			buildConfigurations = (
				2486623424ED6FB0001F2EDD /* Debug */,
				2486623524ED6FB0001F2EDD /* Release */,
			);
			defaultConfigurationIsVisible = 0;
			defaultConfigurationName = Release;
		};
		2486623624ED6FB0001F2EDD /* Build configuration list for PBXNativeTarget "TheMovies" */ = {
			isa = XCConfigurationList;
			buildConfigurations = (
				2486623724ED6FB0001F2EDD /* Debug */,
				2486623824ED6FB0001F2EDD /* Release */,
			);
			defaultConfigurationIsVisible = 0;
			defaultConfigurationName = Release;
		};
/* End XCConfigurationList section */

/* Begin XCVersionGroup section */
		2486622B24ED6FA8001F2EDD /* TheMovies.xcdatamodeld */ = {
			isa = XCVersionGroup;
			children = (
				2486622C24ED6FA8001F2EDD /* TheMovies.xcdatamodel */,
			);
			currentVersion = 2486622C24ED6FA8001F2EDD /* TheMovies.xcdatamodel */;
			path = TheMovies.xcdatamodeld;
			sourceTree = "<group>";
			versionGroupType = wrapper.xcdatamodel;
		};
/* End XCVersionGroup section */
	};
	rootObject = 2486621724ED6FA8001F2EDD /* Project object */;
}
